
Microsoft Visual Studio Solution File, Format Version 12.00
# Visual Studio Version 16
VisualStudioVersion = 25.0.1703.7
MinimumVisualStudioVersion = 10.0.40219.1
Project("{FAE04EC0-301F-11D3-BF4B-00C04F79EFBC}") = "FirstOne", "FirstOne\FirstOne.csproj", "{B191584E-6140-4E68-B544-997E0625E9BB}"
EndProject
Global
	GlobalSection(SolutionConfigurationPlatforms) = preSolution
		Debug|iPhoneSimulator = Debug|iPhoneSimulator
		Release|iPhoneSimulator = Release|iPhoneSimulator
		Debug|iPhone = Debug|iPhone
		Release|iPhone = Release|iPhone
	EndGlobalSection
	GlobalSection(ProjectConfigurationPlatforms) = postSolution
		{B191584E-6140-4E68-B544-997E0625E9BB}.Debug|iPhoneSimulator.ActiveCfg = Debug|iPhoneSimulator
		{B191584E-6140-4E68-B544-997E0625E9BB}.Debug|iPhoneSimulator.Build.0 = Debug|iPhoneSimulator
		{B191584E-6140-4E68-B544-997E0625E9BB}.Release|iPhoneSimulator.ActiveCfg = Release|iPhoneSimulator
		{B191584E-6140-4E68-B544-997E0625E9BB}.Release|iPhoneSimulator.Build.0 = Release|iPhoneSimulator
		{B191584E-6140-4E68-B544-997E0625E9BB}.Debug|iPhone.ActiveCfg = Debug|iPhone
		{B191584E-6140-4E68-B544-997E0625E9BB}.Debug|iPhone.Build.0 = Debug|iPhone
		{B191584E-6140-4E68-B544-997E0625E9BB}.Release|iPhone.ActiveCfg = Release|iPhone
		{B191584E-6140-4E68-B544-997E0625E9BB}.Release|iPhone.Build.0 = Release|iPhone
	EndGlobalSection
	GlobalSection(SolutionProperties) = preSolution
		HideSolutionNode = FALSE
	EndGlobalSection
	GlobalSection(ExtensibilityGlobals) = postSolution
		SolutionGuid = {E9137FE7-75D3-4367-99F6-57FC2F42E1A1}
	EndGlobalSection
EndGlobal
